{
  "name": "CalShare",
  "lockfileVersion": 3,
  "requires": true,
  "packages": {
    "": {
      "devDependencies": {
        "@types/luxon": "^3.7.4"
      }
    },
    "node_modules/@types/luxon": {
      "version": "3.7.4",
      "resolved": "https://registry.npmjs.org/@types/luxon/-/luxon-3.7.4.tgz",
      "integrity": "sha512-V536ZAd6ZJztrrBlLcDFaaZrXNAL2E5uGmssWf/dpSiLkmkLScXUYhUBnWPmtW+cIqnNHzf6//TCMpIc9SCRRQ==",
      "dev": true,
      "license": "MIT"
    }
  }
}
